
Microsoft Visual Studio Solution File, Format Version 12.00
# Visual Studio Version 16
VisualStudioVersion = 16.0.29519.87
MinimumVisualStudioVersion = 10.0.40219.1
Project("{9A19103F-16F7-4668-BE54-9A1E7A4F7556}") = "MyWebAPI", "MyWebAPI.csproj", "{6D8E8702-2193-46F3-8EC9-56394442B86B}"
EndProject
Project("{FAE04EC0-301F-11D3-BF4B-00C04F79EFBC}") = "MyClient", "..\New\MyClient.csproj", "{28BF3399-8B2D-4D1D-A4E2-68E081045A84}"
EndProject
Global
	GlobalSection(SolutionConfigurationPlatforms) = preSolution
		Debug|Any CPU = Debug|Any CPU
		Release|Any CPU = Release|Any CPU
	EndGlobalSection
	GlobalSection(ProjectConfigurationPlatforms) = postSolution
		{6D8E8702-2193-46F3-8EC9-56394442B86B}.Debug|Any CPU.ActiveCfg = Debug|Any CPU
		{6D8E8702-2193-46F3-8EC9-56394442B86B}.Debug|Any CPU.Build.0 = Debug|Any CPU
		{6D8E8702-2193-46F3-8EC9-56394442B86B}.Release|Any CPU.ActiveCfg = Release|Any CPU
		{6D8E8702-2193-46F3-8EC9-56394442B86B}.Release|Any CPU.Build.0 = Release|Any CPU
		{28BF3399-8B2D-4D1D-A4E2-68E081045A84}.Debug|Any CPU.ActiveCfg = Debug|Any CPU
		{28BF3399-8B2D-4D1D-A4E2-68E081045A84}.Debug|Any CPU.Build.0 = Debug|Any CPU
		{28BF3399-8B2D-4D1D-A4E2-68E081045A84}.Release|Any CPU.ActiveCfg = Release|Any CPU
		{28BF3399-8B2D-4D1D-A4E2-68E081045A84}.Release|Any CPU.Build.0 = Release|Any CPU
	EndGlobalSection
	GlobalSection(SolutionProperties) = preSolution
		HideSolutionNode = FALSE
	EndGlobalSection
	GlobalSection(ExtensibilityGlobals) = postSolution
		SolutionGuid = {FCC9B9D1-1FAC-470C-ACA2-A0D6E91B5716}
	EndGlobalSection
EndGlobal
